// !$*UTF8*$!
{
	archiveVersion = 1;
	classes = {
	};
	objectVersion = 52;
	objects = {

/* Begin PBXBuildFile section */
		B049DFC226C3101B00B8DFF2 /* SDWebImage in Frameworks */ = {isa = PBXBuildFile; productRef = B049DFC126C3101B00B8DFF2 /* SDWebImage */; };
		B049DFC526C3106100B8DFF2 /* MBProgressHUD in Frameworks */ = {isa = PBXBuildFile; productRef = B049DFC426C3106100B8DFF2 /* MBProgressHUD */; };
		B049DFC826C3112A00B8DFF2 /* Contentful in Frameworks */ = {isa = PBXBuildFile; productRef = B049DFC726C3112A00B8DFF2 /* Contentful */; };
		B049DFCF26C312DF00B8DFF2 /* ChefModel.swift in Sources */ = {isa = PBXBuildFile; fileRef = B049DFCE26C312DF00B8DFF2 /* ChefModel.swift */; };
		B049DFD126C312F000B8DFF2 /* RecipeModel.swift in Sources */ = {isa = PBXBuildFile; fileRef = B049DFD026C312F000B8DFF2 /* RecipeModel.swift */; };
		B049DFD326C312FD00B8DFF2 /* TagModel.swift in Sources */ = {isa = PBXBuildFile; fileRef = B049DFD226C312FD00B8DFF2 /* TagModel.swift */; };
		B049DFD526C3132200B8DFF2 /* RecipesDataProvider.swift in Sources */ = {isa = PBXBuildFile; fileRef = B049DFD426C3132200B8DFF2 /* RecipesDataProvider.swift */; };
		B049DFD826C314B400B8DFF2 /* RecipeListContract.swift in Sources */ = {isa = PBXBuildFile; fileRef = B049DFD726C314B400B8DFF2 /* RecipeListContract.swift */; };
		B049DFDA26C314C900B8DFF2 /* RecipeListSceneCoordinator.swift in Sources */ = {isa = PBXBuildFile; fileRef = B049DFD926C314C900B8DFF2 /* RecipeListSceneCoordinator.swift */; };
		B049DFDC26C314DC00B8DFF2 /* RecipeListTableView.swift in Sources */ = {isa = PBXBuildFile; fileRef = B049DFDB26C314DC00B8DFF2 /* RecipeListTableView.swift */; };
		B049DFDE26C314F400B8DFF2 /* RecipeListViewController.swift in Sources */ = {isa = PBXBuildFile; fileRef = B049DFDD26C314F400B8DFF2 /* RecipeListViewController.swift */; };
		B049DFE026C3150600B8DFF2 /* RecipeListViewModel.swift in Sources */ = {isa = PBXBuildFile; fileRef = B049DFDF26C3150600B8DFF2 /* RecipeListViewModel.swift */; };
		B049DFE226C3156400B8DFF2 /* UIColor+Extension.swift in Sources */ = {isa = PBXBuildFile; fileRef = B049DFE126C3156400B8DFF2 /* UIColor+Extension.swift */; };
		B049DFE426C3157A00B8DFF2 /* UITableViewCell+Extension.swift in Sources */ = {isa = PBXBuildFile; fileRef = B049DFE326C3157A00B8DFF2 /* UITableViewCell+Extension.swift */; };
		B049DFE626C3159200B8DFF2 /* UIViewController+Extension.swift in Sources */ = {isa = PBXBuildFile; fileRef = B049DFE526C3159200B8DFF2 /* UIViewController+Extension.swift */; };
		B049DFE826C315BD00B8DFF2 /* UIView+Extension.swift in Sources */ = {isa = PBXBuildFile; fileRef = B049DFE726C315BD00B8DFF2 /* UIView+Extension.swift */; };
		B049DFEC26C3175A00B8DFF2 /* RecipeListRecipeCell.swift in Sources */ = {isa = PBXBuildFile; fileRef = B049DFE926C3175A00B8DFF2 /* RecipeListRecipeCell.swift */; };
		B049DFED26C3175A00B8DFF2 /* RecipeListRecipeCell.xib in Resources */ = {isa = PBXBuildFile; fileRef = B049DFEA26C3175A00B8DFF2 /* RecipeListRecipeCell.xib */; };
		B049DFEE26C3175A00B8DFF2 /* RecipeListRecipeCellBuilder.swift in Sources */ = {isa = PBXBuildFile; fileRef = B049DFEB26C3175A00B8DFF2 /* RecipeListRecipeCellBuilder.swift */; };
		B08731DF26C30965007947AA /* AppDelegate.swift in Sources */ = {isa = PBXBuildFile; fileRef = B08731DE26C30965007947AA /* AppDelegate.swift */; };
		B08731E126C30965007947AA /* SceneDelegate.swift in Sources */ = {isa = PBXBuildFile; fileRef = B08731E026C30965007947AA /* SceneDelegate.swift */; };
		B08731E826C30966007947AA /* Assets.xcassets in Resources */ = {isa = PBXBuildFile; fileRef = B08731E726C30966007947AA /* Assets.xcassets */; };
		B08731EB26C30966007947AA /* LaunchScreen.storyboard in Resources */ = {isa = PBXBuildFile; fileRef = B08731E926C30966007947AA /* LaunchScreen.storyboard */; };
/* End PBXBuildFile section */

/* Begin PBXFileReference section */
		B049DFCE26C312DF00B8DFF2 /* ChefModel.swift */ = {isa = PBXFileReference; lastKnownFileType = sourcecode.swift; path = ChefModel.swift; sourceTree = "<group>"; };
		B049DFD026C312F000B8DFF2 /* RecipeModel.swift */ = {isa = PBXFileReference; lastKnownFileType = sourcecode.swift; path = RecipeModel.swift; sourceTree = "<group>"; };
		B049DFD226C312FD00B8DFF2 /* TagModel.swift */ = {isa = PBXFileReference; lastKnownFileType = sourcecode.swift; path = TagModel.swift; sourceTree = "<group>"; };
		B049DFD426C3132200B8DFF2 /* RecipesDataProvider.swift */ = {isa = PBXFileReference; lastKnownFileType = sourcecode.swift; path = RecipesDataProvider.swift; sourceTree = "<group>"; };
		B049DFD726C314B400B8DFF2 /* RecipeListContract.swift */ = {isa = PBXFileReference; lastKnownFileType = sourcecode.swift; path = RecipeListContract.swift; sourceTree = "<group>"; };
		B049DFD926C314C900B8DFF2 /* RecipeListSceneCoordinator.swift */ = {isa = PBXFileReference; lastKnownFileType = sourcecode.swift; path = RecipeListSceneCoordinator.swift; sourceTree = "<group>"; };
		B049DFDB26C314DC00B8DFF2 /* RecipeListTableView.swift */ = {isa = PBXFileReference; lastKnownFileType = sourcecode.swift; path = RecipeListTableView.swift; sourceTree = "<group>"; };
		B049DFDD26C314F400B8DFF2 /* RecipeListViewController.swift */ = {isa = PBXFileReference; lastKnownFileType = sourcecode.swift; path = RecipeListViewController.swift; sourceTree = "<group>"; };
		B049DFDF26C3150600B8DFF2 /* RecipeListViewModel.swift */ = {isa = PBXFileReference; lastKnownFileType = sourcecode.swift; path = RecipeListViewModel.swift; sourceTree = "<group>"; };
		B049DFE126C3156400B8DFF2 /* UIColor+Extension.swift */ = {isa = PBXFileReference; lastKnownFileType = sourcecode.swift; path = "UIColor+Extension.swift"; sourceTree = "<group>"; };
		B049DFE326C3157A00B8DFF2 /* UITableViewCell+Extension.swift */ = {isa = PBXFileReference; lastKnownFileType = sourcecode.swift; path = "UITableViewCell+Extension.swift"; sourceTree = "<group>"; };
		B049DFE526C3159200B8DFF2 /* UIViewController+Extension.swift */ = {isa = PBXFileReference; lastKnownFileType = sourcecode.swift; path = "UIViewController+Extension.swift"; sourceTree = "<group>"; };
		B049DFE726C315BD00B8DFF2 /* UIView+Extension.swift */ = {isa = PBXFileReference; lastKnownFileType = sourcecode.swift; path = "UIView+Extension.swift"; sourceTree = "<group>"; };
		B049DFE926C3175A00B8DFF2 /* RecipeListRecipeCell.swift */ = {isa = PBXFileReference; fileEncoding = 4; lastKnownFileType = sourcecode.swift; path = RecipeListRecipeCell.swift; sourceTree = "<group>"; };
		B049DFEA26C3175A00B8DFF2 /* RecipeListRecipeCell.xib */ = {isa = PBXFileReference; fileEncoding = 4; lastKnownFileType = file.xib; path = RecipeListRecipeCell.xib; sourceTree = "<group>"; };
		B049DFEB26C3175A00B8DFF2 /* RecipeListRecipeCellBuilder.swift */ = {isa = PBXFileReference; fileEncoding = 4; lastKnownFileType = sourcecode.swift; path = RecipeListRecipeCellBuilder.swift; sourceTree = "<group>"; };
		B08731DB26C30965007947AA /* MrlSpoon.app */ = {isa = PBXFileReference; explicitFileType = wrapper.application; includeInIndex = 0; path = MrlSpoon.app; sourceTree = BUILT_PRODUCTS_DIR; };
		B08731DE26C30965007947AA /* AppDelegate.swift */ = {isa = PBXFileReference; lastKnownFileType = sourcecode.swift; path = AppDelegate.swift; sourceTree = "<group>"; };
		B08731E026C30965007947AA /* SceneDelegate.swift */ = {isa = PBXFileReference; lastKnownFileType = sourcecode.swift; path = SceneDelegate.swift; sourceTree = "<group>"; };
		B08731E726C30966007947AA /* Assets.xcassets */ = {isa = PBXFileReference; lastKnownFileType = folder.assetcatalog; path = Assets.xcassets; sourceTree = "<group>"; };
		B08731EA26C30966007947AA /* Base */ = {isa = PBXFileReference; lastKnownFileType = file.storyboard; name = Base; path = Base.lproj/LaunchScreen.storyboard; sourceTree = "<group>"; };
		B08731EC26C30966007947AA /* Info.plist */ = {isa = PBXFileReference; lastKnownFileType = text.plist.xml; path = Info.plist; sourceTree = "<group>"; };
/* End PBXFileReference section */

/* Begin PBXFrameworksBuildPhase section */
		B08731D826C30965007947AA /* Frameworks */ = {
			isa = PBXFrameworksBuildPhase;
			buildActionMask = 2147483647;
			files = (
				B049DFC526C3106100B8DFF2 /* MBProgressHUD in Frameworks */,
				B049DFC226C3101B00B8DFF2 /* SDWebImage in Frameworks */,
				B049DFC826C3112A00B8DFF2 /* Contentful in Frameworks */,
			);
			runOnlyForDeploymentPostprocessing = 0;
		};
/* End PBXFrameworksBuildPhase section */

/* Begin PBXGroup section */
		B049DFC926C3127100B8DFF2 /* Extensions */ = {
			isa = PBXGroup;
			children = (
				B049DFE126C3156400B8DFF2 /* UIColor+Extension.swift */,
				B049DFE326C3157A00B8DFF2 /* UITableViewCell+Extension.swift */,
				B049DFE526C3159200B8DFF2 /* UIViewController+Extension.swift */,
				B049DFE726C315BD00B8DFF2 /* UIView+Extension.swift */,
			);
			path = Extensions;
			sourceTree = "<group>";
		};
		B049DFCA26C3127F00B8DFF2 /* DataModels */ = {
			isa = PBXGroup;
			children = (
				B049DFD026C312F000B8DFF2 /* RecipeModel.swift */,
				B049DFCE26C312DF00B8DFF2 /* ChefModel.swift */,
				B049DFD226C312FD00B8DFF2 /* TagModel.swift */,
			);
			path = DataModels;
			sourceTree = "<group>";
		};
		B049DFCB26C3128A00B8DFF2 /* DataProvider */ = {
			isa = PBXGroup;
			children = (
				B049DFD426C3132200B8DFF2 /* RecipesDataProvider.swift */,
			);
			path = DataProvider;
			sourceTree = "<group>";
		};
		B049DFCC26C312A400B8DFF2 /* RecipeListScene */ = {
			isa = PBXGroup;
			children = (
				B049DFDD26C314F400B8DFF2 /* RecipeListViewController.swift */,
				B049DFDB26C314DC00B8DFF2 /* RecipeListTableView.swift */,
				B049DFDF26C3150600B8DFF2 /* RecipeListViewModel.swift */,
				B049DFD926C314C900B8DFF2 /* RecipeListSceneCoordinator.swift */,
				B049DFD726C314B400B8DFF2 /* RecipeListContract.swift */,
			);
			path = RecipeListScene;
			sourceTree = "<group>";
		};
		B049DFCD26C312B700B8DFF2 /* UIElements */ = {
			isa = PBXGroup;
			children = (
				B049DFEA26C3175A00B8DFF2 /* RecipeListRecipeCell.xib */,
				B049DFE926C3175A00B8DFF2 /* RecipeListRecipeCell.swift */,
				B049DFEB26C3175A00B8DFF2 /* RecipeListRecipeCellBuilder.swift */,
			);
			path = UIElements;
			sourceTree = "<group>";
		};
		B049DFD626C3144A00B8DFF2 /* Frameworks */ = {
			isa = PBXGroup;
			children = (
			);
			name = Frameworks;
			sourceTree = "<group>";
		};
		B08731D226C30964007947AA = {
			isa = PBXGroup;
			children = (
				B08731DD26C30965007947AA /* MrlSpoon */,
				B08731DC26C30965007947AA /* Products */,
				B049DFD626C3144A00B8DFF2 /* Frameworks */,
			);
			sourceTree = "<group>";
		};
		B08731DC26C30965007947AA /* Products */ = {
			isa = PBXGroup;
			children = (
				B08731DB26C30965007947AA /* MrlSpoon.app */,
			);
			name = Products;
			sourceTree = "<group>";
		};
		B08731DD26C30965007947AA /* MrlSpoon */ = {
			isa = PBXGroup;
			children = (
				B049DFCD26C312B700B8DFF2 /* UIElements */,
				B049DFC926C3127100B8DFF2 /* Extensions */,
				B049DFCB26C3128A00B8DFF2 /* DataProvider */,
				B049DFCA26C3127F00B8DFF2 /* DataModels */,
				B049DFCC26C312A400B8DFF2 /* RecipeListScene */,
				B08731DE26C30965007947AA /* AppDelegate.swift */,
				B08731E026C30965007947AA /* SceneDelegate.swift */,
				B08731E726C30966007947AA /* Assets.xcassets */,
				B08731E926C30966007947AA /* LaunchScreen.storyboard */,
				B08731EC26C30966007947AA /* Info.plist */,
			);
			path = MrlSpoon;
			sourceTree = "<group>";
		};
/* End PBXGroup section */

/* Begin PBXNativeTarget section */
		B08731DA26C30965007947AA /* MrlSpoon */ = {
			isa = PBXNativeTarget;
			buildConfigurationList = B08731EF26C30966007947AA /* Build configuration list for PBXNativeTarget "MrlSpoon" */;
			buildPhases = (
				B08731D726C30965007947AA /* Sources */,
				B08731D826C30965007947AA /* Frameworks */,
				B08731D926C30965007947AA /* Resources */,
			);
			buildRules = (
			);
			dependencies = (
			);
			name = MrlSpoon;
			packageProductDependencies = (
				B049DFC126C3101B00B8DFF2 /* SDWebImage */,
				B049DFC426C3106100B8DFF2 /* MBProgressHUD */,
				B049DFC726C3112A00B8DFF2 /* Contentful */,
			);
			productName = MrlSpoon;
			productReference = B08731DB26C30965007947AA /* MrlSpoon.app */;
			productType = "com.apple.product-type.application";
		};
/* End PBXNativeTarget section */

/* Begin PBXProject section */
		B08731D326C30964007947AA /* Project object */ = {
			isa = PBXProject;
			attributes = {
				LastSwiftUpdateCheck = 1250;
				LastUpgradeCheck = 1250;
				TargetAttributes = {
					B08731DA26C30965007947AA = {
						CreatedOnToolsVersion = 12.5.1;
					};
				};
			};
			buildConfigurationList = B08731D626C30964007947AA /* Build configuration list for PBXProject "MrlSpoon" */;
			compatibilityVersion = "Xcode 9.3";
			developmentRegion = en;
			hasScannedForEncodings = 0;
			knownRegions = (
				en,
				Base,
			);
			mainGroup = B08731D226C30964007947AA;
			packageReferences = (
				B049DFC026C3101B00B8DFF2 /* XCRemoteSwiftPackageReference "SDWebImage" */,
				B049DFC326C3106100B8DFF2 /* XCRemoteSwiftPackageReference "MBProgressHUD" */,
				B049DFC626C3112A00B8DFF2 /* XCRemoteSwiftPackageReference "contentful" */,
			);
			productRefGroup = B08731DC26C30965007947AA /* Products */;
			projectDirPath = "";
			projectRoot = "";
			targets = (
				B08731DA26C30965007947AA /* MrlSpoon */,
			);
		};
/* End PBXProject section */

/* Begin PBXResourcesBuildPhase section */
		B08731D926C30965007947AA /* Resources */ = {
			isa = PBXResourcesBuildPhase;
			buildActionMask = 2147483647;
			files = (
				B049DFED26C3175A00B8DFF2 /* RecipeListRecipeCell.xib in Resources */,
				B08731EB26C30966007947AA /* LaunchScreen.storyboard in Resources */,
				B08731E826C30966007947AA /* Assets.xcassets in Resources */,
			);
			runOnlyForDeploymentPostprocessing = 0;
		};
/* End PBXResourcesBuildPhase section */

/* Begin PBXSourcesBuildPhase section */
		B08731D726C30965007947AA /* Sources */ = {
			isa = PBXSourcesBuildPhase;
			buildActionMask = 2147483647;
			files = (
				B049DFE026C3150600B8DFF2 /* RecipeListViewModel.swift in Sources */,
				B049DFEC26C3175A00B8DFF2 /* RecipeListRecipeCell.swift in Sources */,
				B049DFDE26C314F400B8DFF2 /* RecipeListViewController.swift in Sources */,
				B049DFD526C3132200B8DFF2 /* RecipesDataProvider.swift in Sources */,
				B049DFE826C315BD00B8DFF2 /* UIView+Extension.swift in Sources */,
				B049DFE426C3157A00B8DFF2 /* UITableViewCell+Extension.swift in Sources */,
				B049DFEE26C3175A00B8DFF2 /* RecipeListRecipeCellBuilder.swift in Sources */,
				B049DFE626C3159200B8DFF2 /* UIViewController+Extension.swift in Sources */,
				B049DFE226C3156400B8DFF2 /* UIColor+Extension.swift in Sources */,
				B08731DF26C30965007947AA /* AppDelegate.swift in Sources */,
				B049DFDA26C314C900B8DFF2 /* RecipeListSceneCoordinator.swift in Sources */,
				B049DFD126C312F000B8DFF2 /* RecipeModel.swift in Sources */,
				B049DFD326C312FD00B8DFF2 /* TagModel.swift in Sources */,
				B049DFD826C314B400B8DFF2 /* RecipeListContract.swift in Sources */,
				B08731E126C30965007947AA /* SceneDelegate.swift in Sources */,
				B049DFDC26C314DC00B8DFF2 /* RecipeListTableView.swift in Sources */,
				B049DFCF26C312DF00B8DFF2 /* ChefModel.swift in Sources */,
			);
			runOnlyForDeploymentPostprocessing = 0;
		};
/* End PBXSourcesBuildPhase section */

/* Begin PBXVariantGroup section */
		B08731E926C30966007947AA /* LaunchScreen.storyboard */ = {
			isa = PBXVariantGroup;
			children = (
				B08731EA26C30966007947AA /* Base */,
			);
			name = LaunchScreen.storyboard;
			sourceTree = "<group>";
		};
/* End PBXVariantGroup section */

/* Begin XCBuildConfiguration section */
		B08731ED26C30966007947AA /* Debug */ = {
			isa = XCBuildConfiguration;
			buildSettings = {
				ALWAYS_SEARCH_USER_PATHS = NO;
				CLANG_ANALYZER_NONNULL = YES;
				CLANG_ANALYZER_NUMBER_OBJECT_CONVERSION = YES_AGGRESSIVE;
				CLANG_CXX_LANGUAGE_STANDARD = "gnu++14";
				CLANG_CXX_LIBRARY = "libc++";
				CLANG_ENABLE_MODULES = YES;
				CLANG_ENABLE_OBJC_ARC = YES;
				CLANG_ENABLE_OBJC_WEAK = YES;
				CLANG_WARN_BLOCK_CAPTURE_AUTORELEASING = YES;
				CLANG_WARN_BOOL_CONVERSION = YES;
				CLANG_WARN_COMMA = YES;
				CLANG_WARN_CONSTANT_CONVERSION = YES;
				CLANG_WARN_DEPRECATED_OBJC_IMPLEMENTATIONS = YES;
				CLANG_WARN_DIRECT_OBJC_ISA_USAGE = YES_ERROR;
				CLANG_WARN_DOCUMENTATION_COMMENTS = YES;
				CLANG_WARN_EMPTY_BODY = YES;
				CLANG_WARN_ENUM_CONVERSION = YES;
				CLANG_WARN_INFINITE_RECURSION = YES;
				CLANG_WARN_INT_CONVERSION = YES;
				CLANG_WARN_NON_LITERAL_NULL_CONVERSION = YES;
				CLANG_WARN_OBJC_IMPLICIT_RETAIN_SELF = YES;
				CLANG_WARN_OBJC_LITERAL_CONVERSION = YES;
				CLANG_WARN_OBJC_ROOT_CLASS = YES_ERROR;
				CLANG_WARN_QUOTED_INCLUDE_IN_FRAMEWORK_HEADER = YES;
				CLANG_WARN_RANGE_LOOP_ANALYSIS = YES;
				CLANG_WARN_STRICT_PROTOTYPES = YES;
				CLANG_WARN_SUSPICIOUS_MOVE = YES;
				CLANG_WARN_UNGUARDED_AVAILABILITY = YES_AGGRESSIVE;
				CLANG_WARN_UNREACHABLE_CODE = YES;
				CLANG_WARN__DUPLICATE_METHOD_MATCH = YES;
				COPY_PHASE_STRIP = NO;
				DEBUG_INFORMATION_FORMAT = dwarf;
				ENABLE_STRICT_OBJC_MSGSEND = YES;
				ENABLE_TESTABILITY = YES;
				GCC_C_LANGUAGE_STANDARD = gnu11;
				GCC_DYNAMIC_NO_PIC = NO;
				GCC_NO_COMMON_BLOCKS = YES;
				GCC_OPTIMIZATION_LEVEL = 0;
				GCC_PREPROCESSOR_DEFINITIONS = (
					"DEBUG=1",
					"$(inherited)",
				);
				GCC_WARN_64_TO_32_BIT_CONVERSION = YES;
				GCC_WARN_ABOUT_RETURN_TYPE = YES_ERROR;
				GCC_WARN_UNDECLARED_SELECTOR = YES;
				GCC_WARN_UNINITIALIZED_AUTOS = YES_AGGRESSIVE;
				GCC_WARN_UNUSED_FUNCTION = YES;
				GCC_WARN_UNUSED_VARIABLE = YES;
				IPHONEOS_DEPLOYMENT_TARGET = 14.5;
				MTL_ENABLE_DEBUG_INFO = INCLUDE_SOURCE;
				MTL_FAST_MATH = YES;
				ONLY_ACTIVE_ARCH = YES;
				SDKROOT = iphoneos;
				SWIFT_ACTIVE_COMPILATION_CONDITIONS = DEBUG;
				SWIFT_OPTIMIZATION_LEVEL = "-Onone";
			};
			name = Debug;
		};
		B08731EE26C30966007947AA /* Release */ = {
			isa = XCBuildConfiguration;
			buildSettings = {
				ALWAYS_SEARCH_USER_PATHS = NO;
				CLANG_ANALYZER_NONNULL = YES;
				CLANG_ANALYZER_NUMBER_OBJECT_CONVERSION = YES_AGGRESSIVE;
				CLANG_CXX_LANGUAGE_STANDARD = "gnu++14";
				CLANG_CXX_LIBRARY = "libc++";
				CLANG_ENABLE_MODULES = YES;
				CLANG_ENABLE_OBJC_ARC = YES;
				CLANG_ENABLE_OBJC_WEAK = YES;
				CLANG_WARN_BLOCK_CAPTURE_AUTORELEASING = YES;
				CLANG_WARN_BOOL_CONVERSION = YES;
				CLANG_WARN_COMMA = YES;
				CLANG_WARN_CONSTANT_CONVERSION = YES;
				CLANG_WARN_DEPRECATED_OBJC_IMPLEMENTATIONS = YES;
				CLANG_WARN_DIRECT_OBJC_ISA_USAGE = YES_ERROR;
				CLANG_WARN_DOCUMENTATION_COMMENTS = YES;
				CLANG_WARN_EMPTY_BODY = YES;
				CLANG_WARN_ENUM_CONVERSION = YES;
				CLANG_WARN_INFINITE_RECURSION = YES;
				CLANG_WARN_INT_CONVERSION = YES;
				CLANG_WARN_NON_LITERAL_NULL_CONVERSION = YES;
				CLANG_WARN_OBJC_IMPLICIT_RETAIN_SELF = YES;
				CLANG_WARN_OBJC_LITERAL_CONVERSION = YES;
				CLANG_WARN_OBJC_ROOT_CLASS = YES_ERROR;
				CLANG_WARN_QUOTED_INCLUDE_IN_FRAMEWORK_HEADER = YES;
				CLANG_WARN_RANGE_LOOP_ANALYSIS = YES;
				CLANG_WARN_STRICT_PROTOTYPES = YES;
				CLANG_WARN_SUSPICIOUS_MOVE = YES;
				CLANG_WARN_UNGUARDED_AVAILABILITY = YES_AGGRESSIVE;
				CLANG_WARN_UNREACHABLE_CODE = YES;
				CLANG_WARN__DUPLICATE_METHOD_MATCH = YES;
				COPY_PHASE_STRIP = NO;
				DEBUG_INFORMATION_FORMAT = "dwarf-with-dsym";
				ENABLE_NS_ASSERTIONS = NO;
				ENABLE_STRICT_OBJC_MSGSEND = YES;
				GCC_C_LANGUAGE_STANDARD = gnu11;
				GCC_NO_COMMON_BLOCKS = YES;
				GCC_WARN_64_TO_32_BIT_CONVERSION = YES;
				GCC_WARN_ABOUT_RETURN_TYPE = YES_ERROR;
				GCC_WARN_UNDECLARED_SELECTOR = YES;
				GCC_WARN_UNINITIALIZED_AUTOS = YES_AGGRESSIVE;
				GCC_WARN_UNUSED_FUNCTION = YES;
				GCC_WARN_UNUSED_VARIABLE = YES;
				IPHONEOS_DEPLOYMENT_TARGET = 14.5;
				MTL_ENABLE_DEBUG_INFO = NO;
				MTL_FAST_MATH = YES;
				SDKROOT = iphoneos;
				SWIFT_COMPILATION_MODE = wholemodule;
				SWIFT_OPTIMIZATION_LEVEL = "-O";
				VALIDATE_PRODUCT = YES;
			};
			name = Release;
		};
		B08731F026C30966007947AA /* Debug */ = {
			isa = XCBuildConfiguration;
			buildSettings = {
				ASSETCATALOG_COMPILER_APPICON_NAME = AppIcon;
				ASSETCATALOG_COMPILER_GLOBAL_ACCENT_COLOR_NAME = AccentColor;
				CODE_SIGN_STYLE = Automatic;
				DEVELOPMENT_TEAM = 43CRT824P5;
				INFOPLIST_FILE = MrlSpoon/Info.plist;
				LD_RUNPATH_SEARCH_PATHS = (
					"$(inherited)",
					"@executable_path/Frameworks",
				);
				PRODUCT_BUNDLE_IDENTIFIER = RockyTurtle.MrlSpoon;
				PRODUCT_NAME = "$(TARGET_NAME)";
				SWIFT_VERSION = 5.0;
				TARGETED_DEVICE_FAMILY = 1;
			};
			name = Debug;
		};
		B08731F126C30966007947AA /* Release */ = {
			isa = XCBuildConfiguration;
			buildSettings = {
				ASSETCATALOG_COMPILER_APPICON_NAME = AppIcon;
				ASSETCATALOG_COMPILER_GLOBAL_ACCENT_COLOR_NAME = AccentColor;
				CODE_SIGN_STYLE = Automatic;
				DEVELOPMENT_TEAM = 43CRT824P5;
				INFOPLIST_FILE = MrlSpoon/Info.plist;
				LD_RUNPATH_SEARCH_PATHS = (
					"$(inherited)",
					"@executable_path/Frameworks",
				);
				PRODUCT_BUNDLE_IDENTIFIER = RockyTurtle.MrlSpoon;
				PRODUCT_NAME = "$(TARGET_NAME)";
				SWIFT_VERSION = 5.0;
				TARGETED_DEVICE_FAMILY = 1;
			};
			name = Release;
		};
/* End XCBuildConfiguration section */

/* Begin XCConfigurationList section */
		B08731D626C30964007947AA /* Build configuration list for PBXProject "MrlSpoon" */ = {
			isa = XCConfigurationList;
			buildConfigurations = (
				B08731ED26C30966007947AA /* Debug */,
				B08731EE26C30966007947AA /* Release */,
			);
			defaultConfigurationIsVisible = 0;
			defaultConfigurationName = Release;
		};
		B08731EF26C30966007947AA /* Build configuration list for PBXNativeTarget "MrlSpoon" */ = {
			isa = XCConfigurationList;
			buildConfigurations = (
				B08731F026C30966007947AA /* Debug */,
				B08731F126C30966007947AA /* Release */,
			);
			defaultConfigurationIsVisible = 0;
			defaultConfigurationName = Release;
		};
/* End XCConfigurationList section */

/* Begin XCRemoteSwiftPackageReference section */
		B049DFC026C3101B00B8DFF2 /* XCRemoteSwiftPackageReference "SDWebImage" */ = {
			isa = XCRemoteSwiftPackageReference;
			repositoryURL = "https://github.com/SDWebImage/SDWebImage.git";
			requirement = {
				kind = upToNextMajorVersion;
				minimumVersion = 5.11.1;
			};
		};
		B049DFC326C3106100B8DFF2 /* XCRemoteSwiftPackageReference "MBProgressHUD" */ = {
			isa = XCRemoteSwiftPackageReference;
			repositoryURL = "https://github.com/jdg/MBProgressHUD.git";
			requirement = {
				kind = upToNextMajorVersion;
				minimumVersion = 1.2.0;
			};
		};
		B049DFC626C3112A00B8DFF2 /* XCRemoteSwiftPackageReference "contentful" */ = {
			isa = XCRemoteSwiftPackageReference;
			repositoryURL = "https://github.com/contentful/contentful.swift";
			requirement = {
				kind = upToNextMajorVersion;
				minimumVersion = 5.5.1;
			};
		};
/* End XCRemoteSwiftPackageReference section */

/* Begin XCSwiftPackageProductDependency section */
		B049DFC126C3101B00B8DFF2 /* SDWebImage */ = {
			isa = XCSwiftPackageProductDependency;
			package = B049DFC026C3101B00B8DFF2 /* XCRemoteSwiftPackageReference "SDWebImage" */;
			productName = SDWebImage;
		};
		B049DFC426C3106100B8DFF2 /* MBProgressHUD */ = {
			isa = XCSwiftPackageProductDependency;
			package = B049DFC326C3106100B8DFF2 /* XCRemoteSwiftPackageReference "MBProgressHUD" */;
			productName = MBProgressHUD;
		};
		B049DFC726C3112A00B8DFF2 /* Contentful */ = {
			isa = XCSwiftPackageProductDependency;
			package = B049DFC626C3112A00B8DFF2 /* XCRemoteSwiftPackageReference "contentful" */;
			productName = Contentful;
		};
/* End XCSwiftPackageProductDependency section */
	};
	rootObject = B08731D326C30964007947AA /* Project object */;
}
